
Microsoft Visual Studio Solution File, Format Version 12.00
# Visual Studio Version 17
VisualStudioVersion = 17.8.34408.163
MinimumVisualStudioVersion = 10.0.40219.1
Project("{8BC9CEB8-8B4A-11D0-8D11-00A0C91BC942}") = "240116_Client", "240116_Client.vcxproj", "{DBCC0EED-109C-41A2-9FB0-12A278E2E456}"
EndProject
Global
	GlobalSection(SolutionConfigurationPlatforms) = preSolution
		Debug|x64 = Debug|x64
		Debug|x86 = Debug|x86
		Release|x64 = Release|x64
		Release|x86 = Release|x86
	EndGlobalSection
	GlobalSection(ProjectConfigurationPlatforms) = postSolution
		{DBCC0EED-109C-41A2-9FB0-12A278E2E456}.Debug|x64.ActiveCfg = Debug|x64
		{DBCC0EED-109C-41A2-9FB0-12A278E2E456}.Debug|x64.Build.0 = Debug|x64
		{DBCC0EED-109C-41A2-9FB0-12A278E2E456}.Debug|x86.ActiveCfg = Debug|Win32
		{DBCC0EED-109C-41A2-9FB0-12A278E2E456}.Debug|x86.Build.0 = Debug|Win32
		{DBCC0EED-109C-41A2-9FB0-12A278E2E456}.Release|x64.ActiveCfg = Release|x64
		{DBCC0EED-109C-41A2-9FB0-12A278E2E456}.Release|x64.Build.0 = Release|x64
		{DBCC0EED-109C-41A2-9FB0-12A278E2E456}.Release|x86.ActiveCfg = Release|Win32
		{DBCC0EED-109C-41A2-9FB0-12A278E2E456}.Release|x86.Build.0 = Release|Win32
	EndGlobalSection
	GlobalSection(SolutionProperties) = preSolution
		HideSolutionNode = FALSE
	EndGlobalSection
	GlobalSection(ExtensibilityGlobals) = postSolution
		SolutionGuid = {0C618C7A-CB9C-4037-A2C0-4DE4AC3A047E}
	EndGlobalSection
EndGlobal
